
Microsoft Visual Studio Solution File, Format Version 12.00
# Visual Studio Version 16
VisualStudioVersion = 16.0.31410.357
MinimumVisualStudioVersion = 10.0.40219.1
Project("{FAE04EC0-301F-11D3-BF4B-00C04F79EFBC}") = "Week5.Ristorante.MVC", "Week5.Ristorante.MVC\Week5.Ristorante.MVC.csproj", "{910093E7-FF8B-4865-B868-3FE13E2184B9}"
EndProject
Project("{FAE04EC0-301F-11D3-BF4B-00C04F79EFBC}") = "Week5.Ristorante.Core", "Week5.Ristorante.Core\Week5.Ristorante.Core.csproj", "{29F2D70B-1678-4C2E-A405-7E2BC3AD5FDD}"
EndProject
Project("{FAE04EC0-301F-11D3-BF4B-00C04F79EFBC}") = "Week5.Ristorante.EF", "Week5.Ristorante.EF\Week5.Ristorante.EF.csproj", "{ED9BB6A4-A057-4420-9767-7AE80265704C}"
EndProject
Global
	GlobalSection(SolutionConfigurationPlatforms) = preSolution
		Debug|Any CPU = Debug|Any CPU
		Release|Any CPU = Release|Any CPU
	EndGlobalSection
	GlobalSection(ProjectConfigurationPlatforms) = postSolution
		{910093E7-FF8B-4865-B868-3FE13E2184B9}.Debug|Any CPU.ActiveCfg = Debug|Any CPU
		{910093E7-FF8B-4865-B868-3FE13E2184B9}.Debug|Any CPU.Build.0 = Debug|Any CPU
		{910093E7-FF8B-4865-B868-3FE13E2184B9}.Release|Any CPU.ActiveCfg = Release|Any CPU
		{910093E7-FF8B-4865-B868-3FE13E2184B9}.Release|Any CPU.Build.0 = Release|Any CPU
		{29F2D70B-1678-4C2E-A405-7E2BC3AD5FDD}.Debug|Any CPU.ActiveCfg = Debug|Any CPU
		{29F2D70B-1678-4C2E-A405-7E2BC3AD5FDD}.Debug|Any CPU.Build.0 = Debug|Any CPU
		{29F2D70B-1678-4C2E-A405-7E2BC3AD5FDD}.Release|Any CPU.ActiveCfg = Release|Any CPU
		{29F2D70B-1678-4C2E-A405-7E2BC3AD5FDD}.Release|Any CPU.Build.0 = Release|Any CPU
		{ED9BB6A4-A057-4420-9767-7AE80265704C}.Debug|Any CPU.ActiveCfg = Debug|Any CPU
		{ED9BB6A4-A057-4420-9767-7AE80265704C}.Debug|Any CPU.Build.0 = Debug|Any CPU
		{ED9BB6A4-A057-4420-9767-7AE80265704C}.Release|Any CPU.ActiveCfg = Release|Any CPU
		{ED9BB6A4-A057-4420-9767-7AE80265704C}.Release|Any CPU.Build.0 = Release|Any CPU
	EndGlobalSection
	GlobalSection(SolutionProperties) = preSolution
		HideSolutionNode = FALSE
	EndGlobalSection
	GlobalSection(ExtensibilityGlobals) = postSolution
		SolutionGuid = {6482A36A-C4F1-440B-A529-E2660517329E}
	EndGlobalSection
EndGlobal
